PODS:
  - Alamofire (5.4.0)
  - DesignKit (0.0.1)
  - Flutter (1.0.0)
  - FMDB (2.7.5):
    - FMDB/standard (= 2.7.5)
  - FMDB/standard (2.7.5)
  - image_picker (0.0.1):
    - Flutter
  - path_provider (0.0.1):
    - Flutter
  - shared_preferences (0.0.1):
    - Flutter
  - SnapKit (5.0.1)
  - sqflite (0.0.2):
    - Flutter
    - FMDB (>= 2.7.5)
  - ZPHSuppleKit (0.0.1)

DEPENDENCIES:
  - Alamofire (~> 5.2)
  - DesignKit (from `./Frameworks/DesignKit`)
  - Flutter (from `Flutter`)
  - image_picker (from `.symlinks/plugins/image_picker/ios`)
  - path_provider (from `.symlinks/plugins/path_provider/ios`)
  - shared_preferences (from `.symlinks/plugins/shared_preferences/ios`)
  - SnapKit (~> 5.0.1)
  - sqflite (from `.symlinks/plugins/sqflite/ios`)
  - ZPHSuppleKit (from `./Frameworks/ZPHSuppleKit`)

SPEC REPOS:
  trunk:
    - Alamofire
    - FMDB
    - SnapKit

EXTERNAL SOURCES:
  DesignKit:
    :path: "./Frameworks/DesignKit"
  Flutter:
    :path: Flutter
  image_picker:
    :path: ".symlinks/plugins/image_picker/ios"
  path_provider:
    :path: ".symlinks/plugins/path_provider/ios"
  shared_preferences:
    :path: ".symlinks/plugins/shared_preferences/ios"
  sqflite:
    :path: ".symlinks/plugins/sqflite/ios"
  ZPHSuppleKit:
    :path: "./Frameworks/ZPHSuppleKit"

SPEC CHECKSUMS:
  Alamofire: 3b6a534a3df22db367e4dedeeca73d1ddfcf0e2f
  DesignKit: ebd7bfac9e8e22ebd1280c333c3dda22afffcbd5
  Flutter: 434fef37c0980e73bb6479ef766c45957d4b510c
  FMDB: 2ce00b547f966261cd18927a3ddb07cb6f3db82a
  image_picker: 9c3312491f862b28d21ecd8fdf0ee14e601b3f09
  path_provider: abfe2b5c733d04e238b0d8691db0cfd63a27a93c
  shared_preferences: af6bfa751691cdc24be3045c43ec037377ada40d
  SnapKit: 97b92857e3df3a0c71833cce143274bf6ef8e5eb
  sqflite: 6d358c025f5b867b29ed92fc697fd34924e11904
  ZPHSuppleKit: 14510569bbab5653fbb1098c0f34ea3f04c7db08

PODFILE CHECKSUM: bebd2c8e7a72c9aa45afe42f7c86a839c2fd848f

COCOAPODS: 1.10.0
